
Microsoft Visual Studio Solution File, Format Version 12.00
# Visual Studio Version 16
VisualStudioVersion = 16.0.29728.190
MinimumVisualStudioVersion = 10.0.40219.1
Project("{FAE04EC0-301F-11D3-BF4B-00C04F79EFBC}") = "ReactDemo", "ReactDemo\ReactDemo.csproj", "{0E19C856-96D1-458B-BC19-C847A94C020A}"
EndProject
Global
	GlobalSection(SolutionConfigurationPlatforms) = preSolution
		Debug|Any CPU = Debug|Any CPU
		Release|Any CPU = Release|Any CPU
	EndGlobalSection
	GlobalSection(ProjectConfigurationPlatforms) = postSolution
		{0E19C856-96D1-458B-BC19-C847A94C020A}.Debug|Any CPU.ActiveCfg = Debug|Any CPU
		{0E19C856-96D1-458B-BC19-C847A94C020A}.Debug|Any CPU.Build.0 = Debug|Any CPU
		{0E19C856-96D1-458B-BC19-C847A94C020A}.Release|Any CPU.ActiveCfg = Release|Any CPU
		{0E19C856-96D1-458B-BC19-C847A94C020A}.Release|Any CPU.Build.0 = Release|Any CPU
	EndGlobalSection
	GlobalSection(SolutionProperties) = preSolution
		HideSolutionNode = FALSE
	EndGlobalSection
	GlobalSection(ExtensibilityGlobals) = postSolution
		SolutionGuid = {C0C7B185-5361-4C28-8DB6-D66D3053A525}
	EndGlobalSection
EndGlobal
